
Microsoft Visual Studio Solution File, Format Version 12.00
# Visual Studio Version 16
VisualStudioVersion = 16.0.31410.357
MinimumVisualStudioVersion = 10.0.40219.1
Project("{FAE04EC0-301F-11D3-BF4B-00C04F79EFBC}") = "ByteBank", "ByteBank\ByteBank.csproj", "{145969CA-D372-456E-AC46-433DEED864F8}"
EndProject
Global
	GlobalSection(SolutionConfigurationPlatforms) = preSolution
		Debug|Any CPU = Debug|Any CPU
		Release|Any CPU = Release|Any CPU
	EndGlobalSection
	GlobalSection(ProjectConfigurationPlatforms) = postSolution
		{145969CA-D372-456E-AC46-433DEED864F8}.Debug|Any CPU.ActiveCfg = Debug|Any CPU
		{145969CA-D372-456E-AC46-433DEED864F8}.Debug|Any CPU.Build.0 = Debug|Any CPU
		{145969CA-D372-456E-AC46-433DEED864F8}.Release|Any CPU.ActiveCfg = Release|Any CPU
		{145969CA-D372-456E-AC46-433DEED864F8}.Release|Any CPU.Build.0 = Release|Any CPU
	EndGlobalSection
	GlobalSection(SolutionProperties) = preSolution
		HideSolutionNode = FALSE
	EndGlobalSection
	GlobalSection(ExtensibilityGlobals) = postSolution
		SolutionGuid = {C3473F90-60AD-422E-B54F-B99179884D68}
	EndGlobalSection
EndGlobal
